<?xml version="1.0" encoding="utf-8"?>
<Project ToolsVersion="4.0" xmlns="http://schemas.microsoft.com/developer/msbuild/2003">
  <ItemGroup>
    <Filter Include="Source Files">
      <UniqueIdentifier>{4FC737F1-C7A5-4376-A066-2A32D752A2FF}</UniqueIdentifier>
      <Extensions>cpp;c;cc;cxx;c++;cppm;ixx;def;odl;idl;hpj;bat;asm;asmx</Extensions>
    </Filter>
    <Filter Include="Header Files">
      <UniqueIdentifier>{93995380-89BD-4b04-88EB-625FBE52EBFB}</UniqueIdentifier>
      <Extensions>h;hh;hpp;hxx;h++;hm;inl;inc;ipp;xsd</Extensions>
    </Filter>
    <Filter Include="Resource Files">
      <UniqueIdentifier>{67DA6AB6-F800-4c08-8B7A-83BB121AAD01}</UniqueIdentifier>
      <Extensions>rc;ico;cur;bmp;dlg;rc2;rct;bin;rgs;gif;jpg;jpeg;jpe;resx;tiff;tif;png;wav;mfcribbon-ms</Extensions>
    </Filter>
    <Filter Include="Game">
      <UniqueIdentifier>{cf8448d9-f36f-4b8d-9191-ca1bb4e82da0}</UniqueIdentifier>
    </Filter>
    <Filter Include="Client">
      <UniqueIdentifier>{bc541286-098c-4b6d-9258-028de83c0269}</UniqueIdentifier>
    </Filter>
    <Filter Include="Server">
      <UniqueIdentifier>{0e1226b6-10ab-4298-b1ca-3dd1cd0a2d5d}</UniqueIdentifier>
    </Filter>
    <Filter Include="Menu">
      <UniqueIdentifier>{fe5262fd-9043-441b-9ecf-f3c9bab98dd2}</UniqueIdentifier>
    </Filter>
    <Filter Include="Processor">
      <UniqueIdentifier>{94cdb2f4-f5b6-4899-9655-46db91db4b10}</UniqueIdentifier>
    </Filter>
    <Filter Include="Data">
      <UniqueIdentifier>{cba2860b-5796-4d99-a356-17e1859f9f67}</UniqueIdentifier>
    </Filter>
    <Filter Include="Player">
      <UniqueIdentifier>{79d5f76c-36c8-43be-92cd-24c73c4ef31a}</UniqueIdentifier>
    </Filter>
    <Filter Include="Playground">
      <UniqueIdentifier>{7e8e47f0-b7ea-4f5d-8567-26c677e81c9d}</UniqueIdentifier>
    </Filter>
    <Filter Include="Playground\Tile">
      <UniqueIdentifier>{dd06ac18-6415-42e4-a4b4-825e4903cc14}</UniqueIdentifier>
    </Filter>
    <Filter Include="Controls">
      <UniqueIdentifier>{0f9a0714-1870-48aa-93b4-374943b23ae1}</UniqueIdentifier>
    </Filter>
    <Filter Include="Assets">
      <UniqueIdentifier>{23cb0cba-34fb-4ab1-b8ab-f3c14f742f23}</UniqueIdentifier>
    </Filter>
    <Filter Include="Enums">
      <UniqueIdentifier>{b57be4b9-7b23-4610-aee7-65d0e7794aa6}</UniqueIdentifier>
    </Filter>
    <Filter Include="Bullet">
      <UniqueIdentifier>{da29cf72-f53d-4082-917b-b827272e97f5}</UniqueIdentifier>
    </Filter>
    <Filter Include="NPC">
      <UniqueIdentifier>{2dd9b32b-bea1-4527-a472-a99f3a92a714}</UniqueIdentifier>
    </Filter>
  </ItemGroup>
  <ItemGroup>
    <ClCompile Include="main.cpp">
      <Filter>Source Files</Filter>
    </ClCompile>
    <ClCompile Include="menu.cpp">
      <Filter>Menu</Filter>
    </ClCompile>
    <ClCompile Include="lobby.cpp">
      <Filter>Menu</Filter>
    </ClCompile>
    <ClCompile Include="mainMenu.cpp">
      <Filter>Menu</Filter>
    </ClCompile>
    <ClCompile Include="data.cpp">
      <Filter>Data</Filter>
    </ClCompile>
    <ClCompile Include="processor.cpp">
      <Filter>Processor</Filter>
    </ClCompile>
    <ClCompile Include="client.cpp">
      <Filter>Client</Filter>
    </ClCompile>
    <ClCompile Include="server.cpp">
      <Filter>Server</Filter>
    </ClCompile>
    <ClCompile Include="player.cpp">
      <Filter>Player</Filter>
    </ClCompile>
    <ClCompile Include="tile.cpp">
      <Filter>Playground\Tile</Filter>
    </ClCompile>
    <ClCompile Include="map.cpp">
      <Filter>Playground</Filter>
    </ClCompile>
    <ClCompile Include="controls.cpp">
      <Filter>Controls</Filter>
    </ClCompile>
    <ClCompile Include="game.cpp">
      <Filter>Game</Filter>
    </ClCompile>
    <ClCompile Include="bullet.cpp">
      <Filter>Bullet</Filter>
    </ClCompile>
    <ClCompile Include="atkBuff.cpp">
      <Filter>NPC</Filter>
    </ClCompile>
  </ItemGroup>
  <ItemGroup>
    <ClInclude Include="menu.h">
      <Filter>Menu</Filter>
    </ClInclude>
    <ClInclude Include="lobby.h">
      <Filter>Menu</Filter>
    </ClInclude>
    <ClInclude Include="mainMenu.h">
      <Filter>Menu</Filter>
    </ClInclude>
    <ClInclude Include="data.h">
      <Filter>Data</Filter>
    </ClInclude>
    <ClInclude Include="processor.h">
      <Filter>Processor</Filter>
    </ClInclude>
    <ClInclude Include="client.h">
      <Filter>Client</Filter>
    </ClInclude>
    <ClInclude Include="server.h">
      <Filter>Server</Filter>
    </ClInclude>
    <ClInclude Include="player.h">
      <Filter>Player</Filter>
    </ClInclude>
    <ClInclude Include="tile.h">
      <Filter>Playground\Tile</Filter>
    </ClInclude>
    <ClInclude Include="map.h">
      <Filter>Playground</Filter>
    </ClInclude>
    <ClInclude Include="controls.h">
      <Filter>Controls</Filter>
    </ClInclude>
    <ClInclude Include="textureType.h">
      <Filter>Enums</Filter>
    </ClInclude>
    <ClInclude Include="assetsManager.h">
      <Filter>Assets</Filter>
    </ClInclude>
    <ClInclude Include="game.h">
      <Filter>Game</Filter>
    </ClInclude>
    <ClInclude Include="bullet.h">
      <Filter>Bullet</Filter>
    </ClInclude>
    <ClInclude Include="atkBuff.h">
      <Filter>NPC</Filter>
    </ClInclude>
  </ItemGroup>
  <ItemGroup>
    <Font Include="..\..\pong\pong\ethn.otf">
      <Filter>Resource Files</Filter>
    </Font>
  </ItemGroup>
  <ItemGroup>
    <None Include="diagram.cd" />
  </ItemGroup>
</Project>